
Microsoft Visual Studio Solution File, Format Version 12.00
# Visual Studio Version 16
VisualStudioVersion = 16.0.29025.244
MinimumVisualStudioVersion = 10.0.40219.1
Project("{9A19103F-16F7-4668-BE54-9A1E7A4F7556}") = "P7", "P7\P7.csproj", "{65C3AC54-31E6-487C-9734-91D3FB255036}"
EndProject
Project("{9A19103F-16F7-4668-BE54-9A1E7A4F7556}") = "P8", "P8\P8.csproj", "{050188CC-0C85-4C06-9F7A-1CB8A31746BB}"
EndProject
Project("{9A19103F-16F7-4668-BE54-9A1E7A4F7556}") = "P9", "P9\P9.csproj", "{09E97C7F-CF29-4847-B66C-14C4D09E8994}"
EndProject
Project("{9A19103F-16F7-4668-BE54-9A1E7A4F7556}") = "P9_Winform", "P9_Winform\P9_Winform.csproj", "{50AED401-5831-45AC-B4EC-218C878FA7B0}"
EndProject
Project("{2150E333-8FDC-42A3-9474-1A3956D46DE8}") = "P9_Solution", "P9_Solution", "{95F7BD7E-D69B-4584-90B1-752934345F81}"
EndProject
Project("{9A19103F-16F7-4668-BE54-9A1E7A4F7556}") = "Event", "Event\Event.csproj", "{E77EC09C-EB54-4126-9E70-09809D49497B}"
EndProject
Project("{FAE04EC0-301F-11D3-BF4B-00C04F79EFBC}") = "P10", "P10\P10.csproj", "{448E39BA-1B10-41D8-9735-4827FE01B050}"
EndProject
Global
	GlobalSection(SolutionConfigurationPlatforms) = preSolution
		Debug|Any CPU = Debug|Any CPU
		Release|Any CPU = Release|Any CPU
	EndGlobalSection
	GlobalSection(ProjectConfigurationPlatforms) = postSolution
		{65C3AC54-31E6-487C-9734-91D3FB255036}.Debug|Any CPU.ActiveCfg = Debug|Any CPU
		{65C3AC54-31E6-487C-9734-91D3FB255036}.Debug|Any CPU.Build.0 = Debug|Any CPU
		{65C3AC54-31E6-487C-9734-91D3FB255036}.Release|Any CPU.ActiveCfg = Release|Any CPU
		{65C3AC54-31E6-487C-9734-91D3FB255036}.Release|Any CPU.Build.0 = Release|Any CPU
		{050188CC-0C85-4C06-9F7A-1CB8A31746BB}.Debug|Any CPU.ActiveCfg = Debug|Any CPU
		{050188CC-0C85-4C06-9F7A-1CB8A31746BB}.Debug|Any CPU.Build.0 = Debug|Any CPU
		{050188CC-0C85-4C06-9F7A-1CB8A31746BB}.Release|Any CPU.ActiveCfg = Release|Any CPU
		{050188CC-0C85-4C06-9F7A-1CB8A31746BB}.Release|Any CPU.Build.0 = Release|Any CPU
		{09E97C7F-CF29-4847-B66C-14C4D09E8994}.Debug|Any CPU.ActiveCfg = Debug|Any CPU
		{09E97C7F-CF29-4847-B66C-14C4D09E8994}.Debug|Any CPU.Build.0 = Debug|Any CPU
		{09E97C7F-CF29-4847-B66C-14C4D09E8994}.Release|Any CPU.ActiveCfg = Release|Any CPU
		{09E97C7F-CF29-4847-B66C-14C4D09E8994}.Release|Any CPU.Build.0 = Release|Any CPU
		{50AED401-5831-45AC-B4EC-218C878FA7B0}.Debug|Any CPU.ActiveCfg = Debug|Any CPU
		{50AED401-5831-45AC-B4EC-218C878FA7B0}.Debug|Any CPU.Build.0 = Debug|Any CPU
		{50AED401-5831-45AC-B4EC-218C878FA7B0}.Release|Any CPU.ActiveCfg = Release|Any CPU
		{50AED401-5831-45AC-B4EC-218C878FA7B0}.Release|Any CPU.Build.0 = Release|Any CPU
		{E77EC09C-EB54-4126-9E70-09809D49497B}.Debug|Any CPU.ActiveCfg = Debug|Any CPU
		{E77EC09C-EB54-4126-9E70-09809D49497B}.Debug|Any CPU.Build.0 = Debug|Any CPU
		{E77EC09C-EB54-4126-9E70-09809D49497B}.Release|Any CPU.ActiveCfg = Release|Any CPU
		{E77EC09C-EB54-4126-9E70-09809D49497B}.Release|Any CPU.Build.0 = Release|Any CPU
		{448E39BA-1B10-41D8-9735-4827FE01B050}.Debug|Any CPU.ActiveCfg = Debug|Any CPU
		{448E39BA-1B10-41D8-9735-4827FE01B050}.Debug|Any CPU.Build.0 = Debug|Any CPU
		{448E39BA-1B10-41D8-9735-4827FE01B050}.Release|Any CPU.ActiveCfg = Release|Any CPU
		{448E39BA-1B10-41D8-9735-4827FE01B050}.Release|Any CPU.Build.0 = Release|Any CPU
	EndGlobalSection
	GlobalSection(SolutionProperties) = preSolution
		HideSolutionNode = FALSE
	EndGlobalSection
	GlobalSection(NestedProjects) = preSolution
		{09E97C7F-CF29-4847-B66C-14C4D09E8994} = {95F7BD7E-D69B-4584-90B1-752934345F81}
		{50AED401-5831-45AC-B4EC-218C878FA7B0} = {95F7BD7E-D69B-4584-90B1-752934345F81}
		{E77EC09C-EB54-4126-9E70-09809D49497B} = {95F7BD7E-D69B-4584-90B1-752934345F81}
	EndGlobalSection
	GlobalSection(ExtensibilityGlobals) = postSolution
		SolutionGuid = {69220183-24DA-4159-91A8-5361091E89AD}
	EndGlobalSection
EndGlobal
