
Microsoft Visual Studio Solution File, Format Version 12.00
# Visual Studio Version 16
VisualStudioVersion = 16.0.29025.244
MinimumVisualStudioVersion = 10.0.40219.1
Project("{9A19103F-16F7-4668-BE54-9A1E7A4F7556}") = "P7", "P7\P7.csproj", "{65C3AC54-31E6-487C-9734-91D3FB255036}"
EndProject
Project("{9A19103F-16F7-4668-BE54-9A1E7A4F7556}") = "P8", "P8\P8.csproj", "{050188CC-0C85-4C06-9F7A-1CB8A31746BB}"
EndProject
Project("{FAE04EC0-301F-11D3-BF4B-00C04F79EFBC}") = "P9", "P9\P9.csproj", "{09E97C7F-CF29-4847-B66C-14C4D09E8994}"
EndProject
Global
	GlobalSection(SolutionConfigurationPlatforms) = preSolution
		Debug|Any CPU = Debug|Any CPU
		Release|Any CPU = Release|Any CPU
	EndGlobalSection
	GlobalSection(ProjectConfigurationPlatforms) = postSolution
		{65C3AC54-31E6-487C-9734-91D3FB255036}.Debug|Any CPU.ActiveCfg = Debug|Any CPU
		{65C3AC54-31E6-487C-9734-91D3FB255036}.Debug|Any CPU.Build.0 = Debug|Any CPU
		{65C3AC54-31E6-487C-9734-91D3FB255036}.Release|Any CPU.ActiveCfg = Release|Any CPU
		{65C3AC54-31E6-487C-9734-91D3FB255036}.Release|Any CPU.Build.0 = Release|Any CPU
		{050188CC-0C85-4C06-9F7A-1CB8A31746BB}.Debug|Any CPU.ActiveCfg = Debug|Any CPU
		{050188CC-0C85-4C06-9F7A-1CB8A31746BB}.Debug|Any CPU.Build.0 = Debug|Any CPU
		{050188CC-0C85-4C06-9F7A-1CB8A31746BB}.Release|Any CPU.ActiveCfg = Release|Any CPU
		{050188CC-0C85-4C06-9F7A-1CB8A31746BB}.Release|Any CPU.Build.0 = Release|Any CPU
		{09E97C7F-CF29-4847-B66C-14C4D09E8994}.Debug|Any CPU.ActiveCfg = Debug|Any CPU
		{09E97C7F-CF29-4847-B66C-14C4D09E8994}.Debug|Any CPU.Build.0 = Debug|Any CPU
		{09E97C7F-CF29-4847-B66C-14C4D09E8994}.Release|Any CPU.ActiveCfg = Release|Any CPU
		{09E97C7F-CF29-4847-B66C-14C4D09E8994}.Release|Any CPU.Build.0 = Release|Any CPU
	EndGlobalSection
	GlobalSection(SolutionProperties) = preSolution
		HideSolutionNode = FALSE
	EndGlobalSection
	GlobalSection(ExtensibilityGlobals) = postSolution
		SolutionGuid = {69220183-24DA-4159-91A8-5361091E89AD}
	EndGlobalSection
EndGlobal
